warning: in the working copy of 'yarn.lock', LF will be replaced by CRLF the next time Git touches it
[1mdiff --git a/yarn.lock b/yarn.lock[m
[1mindex 2789090..e03d4cb 100644[m
[1m--- a/yarn.lock[m
[1m+++ b/yarn.lock[m
[36m@@ -4,17 +4,17 @@[m
 [m
 "@adobe/css-tools@^4.4.0":[m
   version "4.4.4"[m
[31m-  resolved "https://registry.yarnpkg.com/@adobe/css-tools/-/css-tools-4.4.4.tgz#2856c55443d3d461693f32d2b96fb6ea92e1ffa9"[m
[32m+[m[32m  resolved "https://registry.npmjs.org/@adobe/css-tools/-/css-tools-4.4.4.tgz"[m
   integrity sha512-Elp+iwUx5rN5+Y8xLt5/GRoG20WGoDCQ/1Fb+1LiGtvwbDavuSk0jhD/eZdckHAuzcDzccnkv+rEjyWfRx18gg==[m
 [m
 "@alloc/quick-lru@^5.2.0":[m
   version "5.2.0"[m
[31m-  resolved "https://registry.yarnpkg.com/@alloc/quick-lru/-/quick-lru-5.2.0.tgz#7bf68b20c0a350f936915fcae06f58e32007ce30"[m
[32m+[m[32m  resolved "https://registry.npmjs.org/@alloc/quick-lru/-/quick-lru-5.2.0.tgz"[m
   integrity sha512-UrcABB+4bUrFABwbluTIBErXwvbsU/V7TZWfmbgJfbkwiBuziS9gxdODUyuiecfdGQ85jglMW6juS3+z5TsKLw==[m
 [m
 "@apideck/better-ajv-errors@^0.3.1":[m
   version "0.3.6"[m
[31m-  resolved "https://registry.yarnpkg.com/@apideck/better-ajv-errors/-/better-ajv-errors-0.3.6.tgz#957d4c28e886a64a8141f7522783be65733ff097"[m
[32m+[m[32m  resolved "https://registry.npmjs.org/@apideck/better-ajv-errors/-/better-ajv-errors-0.3.6.tgz"[m
   integrity sha512-P+ZygBLZtkp0qqOAJJVX4oX/sFo5JR3eBWwwuqHHhK0GIgQOKWrAfiAaWX0aArHkRWHMuggFEgAZNxVPwPZYaA==[m
   dependencies:[m
     json-schema "^0.4.0"[m
[36m@@ -23,7 +23,7 @@[m
 [m
 "@babel/code-frame@^7.0.0", "@babel/code-frame@^7.10.4", "@babel/code-frame@^7.12.13", "@babel/code-frame@^7.16.0", "@babel/code-frame@^7.27.1", "@babel/code-frame@^7.8.3":[m
   version "7.27.1"[m
[31m-  resolved "https://registry.yarnpkg.com/@babel/code-frame/-/code-frame-7.27.1.tgz#200f715e66d52a23b221a9435534a91cc13ad5be"[m
[32m+[m[32m  resolved "https://registry.npmjs.org/@babel/code-frame/-/code-frame-7.27.1.tgz"[m
   integrity sha512-cjQ7ZlQ0Mv3b47hABuTevyTuYN4i+loJKGeV9flcCgIK37cCXRh+L1bd3iBHlynerhQ7BhCkn2BPbQUL+rGqFg==[m
   dependencies:[m
     "@babel/helper-validator-identifier" "^7.27.1"[m
[36m@@ -32,12 +32,12 @@[m
 [m
 "@babel/compat-data@^7.27.2", "@babel/compat-data@^7.27.7", "@babel/compat-data@^7.28.5":[m
   version "7.28.5"[m
[31m-  resolved "https://registry.yarnpkg.com/@babel/compat-data/-/compat-data-7.28.5.tgz#a8a4962e1567121ac0b3b487f52107443b455c7f"[m
[32m+[m[32m  resolved "https://registry.npmjs.org/@babel/compat-data/-/compat-data-7.28.5.tgz"[m
   integrity sha512-6uFXyCayocRbqhZOB+6XcuZbkMNimwfVGFji8CTZnCzOHVGvDqzvitu1re2AU5LROliz7eQPhB8CpAMvnx9EjA==[m
 [m
[31m-"@babel/core@^7.1.0", "@babel/core@^7.11.1", "@babel/core@^7.12.3", "@babel/core@^7.16.0", "@babel/core@^7.7.2", "@babel/core@^7.8.0":[m
[32m+[m[32m"@babel/core@^7.0.0", "@babel/core@^7.0.0 || ^8.0.0-0", "@babel/core@^7.0.0-0", "@babel/core@^7.0.0-0 || ^8.0.0-0 <8.0.0", "@babel/core@^7.1.0", "@babel/core@^7.11.0", "@babel/core@^7.11.1", "@babel/core@^7.12.0", "@babel/core@^7.12.3", "@babel/core@^7.13.0", "@babel/core@^7.16.0", "@babel/core@^7.4.0 || ^8.0.0-0 <8.0.0", "@babel/core@^7.7.2", "@babel/core@^7.8.0":[m
   version "7.28.5"[m
[31m-  resolved "https://registry.yarnpkg.com/@babel/core/-/core-7.28.5.tgz#4c81b35e51e1b734f510c99b07dfbc7bbbb48f7e"[m
[32m+[m[32m  resolved "https://registry.npmjs.org/@babel/core/-/core-7.28.5.tgz"[m
   integrity sha512-e7jT4DxYvIDLk1ZHmU/m/mB19rex9sv0c2ftBtjSBv+kVM/902eh0fINUzD7UwLLNR+jU585GxUJ8/EBfAM5fw==[m
   dependencies:[m
     "@babel/code-frame" "^7.27.1"[m
[36m@@ -58,7 +58,7 @@[m
 [m
 "@babel/eslint-parser@^7.16.3":[m
   version "7.28.5"[m
[31m-  resolved "https://registry.yarnpkg.com/@babel/eslint-parser/-/eslint-parser-7.28.5.tgz#0b8883a4a1c2cbed7b3cd9d7765d80e8f480b9ae"[m
[32m+[m[32m  resolved "https://registry.npmjs.org/@babel/eslint-parser/-/eslint-parser-7.28.5.tgz"[m
   integrity sha512-fcdRcWahONYo+JRnJg1/AekOacGvKx12Gu0qXJXFi2WBqQA1i7+O5PaxRB7kxE/Op94dExnCiiar6T09pvdHpA==[m
   dependencies:[m
     "@nicolo-ribaudo/eslint-scope-5-internals" "5.1.1-v1"[m
[36m@@ -67,7 +67,7 @@[m
 [m
 "@babel/generator@^7.28.5", "@babel/generator@^7.7.2":[m
   version "7.28.5"[m
[31m-  resolved "https://registry.yarnpkg.com/@babel/generator/-/generator-7.28.5.tgz#712722d5e50f44d07bc7ac9fe84438742dd61298"[m
[32m+[m[32m  resolved "https://registry.npmjs.org/@babel/generator/-/generator-7.28.5.tgz"[m
   integrity sha512-3EwLFhZ38J4VyIP6WNtt2kUdW9dokXA9Cr4IVIFHuCpZ3H8/YFOl5JjZHisrn1fATPBmKKqXzDFvh9fUwHz6CQ==[m
   dependencies:[m
     "@babel/parser" "^7.28.5"[m
[36m@@ -78,14 +78,14 @@[m
 [m
 "@babel/helper-annotate-as-pure@^7.18.6", "@babel/helper-annotate-as-pure@^7.27.1", "@babel/helper-annotate-as-pure@^7.27.3":[m
   version "7.27.3"[m
[31m-  resolved "https://registry.yarnpkg.com/@babel/helper-annotate-as-pure/-/helper-annotate-as-pure-7.27.3.tgz#f31fd86b915fc4daf1f3ac6976c59be7084ed9c5"[m
[32m+[m[32m  resolved "https://registry.npmjs.org/@babel/helper-annotate-as-pure/-/helper-annotate-as-pure-7.27.3.tgz"[m
   integrity sha512-fXSwMQqitTGeHLBC08Eq5yXz2m37E4pJX1qAU1+2cNedz/ifv/bVXft90VeSav5nFO61EcNgwr0aJxbyPaWBPg==[m
   dependencies:[m
     "@babel/types" "^7.27.3"[m
 [m
 "@babel/helper-compilation-targets@^7.27.1", "@babel/helper-compilation-targets@^7.27.2":[m
   version "7.27.2"[m
[31m-  resolved "https://registry.yarnpkg.com/@babel/helper-compilation-targets/-/helper-compilation-targets-7.27.2.tgz#46a0f6efab808d51d29ce96858dd10ce8732733d"[m
[32m+[m[32m  resolved "https://registry.npmjs.org/@babel/helper-compilation-targets/-/helper-compilation-targets-7.27.2.tgz"[m
   integrity sha512-2+1thGUUWWjLTYTHZWK1n8Yga0ijBz1XAhUXcKy81rd5g6yh7hGqMp45v7cadSbEHc9G3OTv45SyneRN3ps4DQ==[m
   dependencies:[m
     "@babel/compat-data" "^7.27.2"[m
[36m@@ -96,7 +96,7 @@[m
 [m
 "@babel/helper-create-class-features-plugin@^7.18.6", "@babel/helper-create-class-features-plugin@^7.21.0", "@babel/helper-create-class-features-plugin@^7.27.1", "@babel/helper-create-class-features-plugin@^7.28.3", "@babel/helper-create-class-features-plugin@^7.28.5":[m
   version "7.28.5"[m
[31m-  resolved "https://registry.yarnpkg.com/@babel/helper-create-class-features-plugin/-/helper-create-class-features-plugin-7.28.5.tgz#472d0c28028850968979ad89f173594a6995da46"[m
[32m+[m[32m  resolved "https://registry.npmjs.org/@babel/helper-create-class-features-plugin/-/helper-create-class-features-plugin-7.28.5.tgz"[m
   integrity sha512-q3WC4JfdODypvxArsJQROfupPBq9+lMwjKq7C33GhbFYJsufD0yd/ziwD+hJucLeWsnFPWZjsU2DNFqBPE7jwQ==[m
   dependencies:[m
     "@babel/helper-annotate-as-pure" "^7.27.3"[m
[36m@@ -109,7 +109,7 @@[m
 [m
 "@babel/helper-create-regexp-features-plugin@^7.18.6", "@babel/helper-create-regexp-features-plugin@^7.27.1":[m
   version "7.28.5"[m
[31m-  resolved "https://registry.yarnpkg.com/@babel/helper-create-regexp-features-plugin/-/helper-create-regexp-features-plugin-7.28.5.tgz#7c1ddd64b2065c7f78034b25b43346a7e19ed997"[m
[32m+[m[32m  resolved "https://registry.npmjs.org/@babel/helper-create-regexp-features-plugin/-/helper-create-regexp-features-plugin-7.28.5.tgz"[m
   integrity sha512-N1EhvLtHzOvj7QQOUCCS3NrPJP8c5W6ZXCHDn7Yialuy1iu4r5EmIYkXlKNqT99Ciw+W0mDqWoR6HWMZlFP3hw==[m
   dependencies:[m
     "@babel/helper-annotate-as-pure" "^7.27.3"[m
[36m@@ -118,7 +118,7 @@[m
 [m
 "@babel/helper-define-polyfill-provider@^0.6.5":[m
   version "0.6.5"[m
[31m-  resolved "https://registry.yarnpkg.com/@babel/helper-define-polyfill-provider/-/helper-define-polyfill-provider-0.6.5.tgz#742ccf1cb003c07b48859fc9fa2c1bbe40e5f753"[m
[32m+[m[32m  resolved "https://registry.npmjs.org/@babel/helper-define-polyfill-provider/-/helper-define-polyfill-provider-0.6.5.tgz"[m
   integrity sha512-uJnGFcPsWQK8fvjgGP5LZUZZsYGIoPeRjSF5PGwrelYgq7Q15/Ft9NGFp1zglwgIv//W0uG4BevRuSJRyylZPg==[m
   dependencies:[m
     "@babel/helper-compilation-targets" "^7.27.2"[m
[36m@@ -129,12 +129,12 @@[m
 [m
 "@babel/helper-globals@^7.28.0":[m
   version "7.28.0"[m
[31m-  resolved "https://registry.yarnpkg.com/@babel/helper-globa